
Microsoft Visual Studio Solution File, Format Version 12.00
# Visual Studio Version 16
VisualStudioVersion = 16.0.29102.190
MinimumVisualStudioVersion = 10.0.40219.1
Project("{FAE04EC0-301F-11D3-BF4B-00C04F79EFBC}") = "array_application", "array_application\array_application.csproj", "{1A2E1905-B337-427A-9BA5-E30FAAC2CCA8}"
EndProject
Global
	GlobalSection(SolutionConfigurationPlatforms) = preSolution
		Debug|Any CPU = Debug|Any CPU
		Release|Any CPU = Release|Any CPU
	EndGlobalSection
	GlobalSection(ProjectConfigurationPlatforms) = postSolution
		{1A2E1905-B337-427A-9BA5-E30FAAC2CCA8}.Debug|Any CPU.ActiveCfg = Debug|Any CPU
		{1A2E1905-B337-427A-9BA5-E30FAAC2CCA8}.Debug|Any CPU.Build.0 = Debug|Any CPU
		{1A2E1905-B337-427A-9BA5-E30FAAC2CCA8}.Release|Any CPU.ActiveCfg = Release|Any CPU
		{1A2E1905-B337-427A-9BA5-E30FAAC2CCA8}.Release|Any CPU.Build.0 = Release|Any CPU
	EndGlobalSection
	GlobalSection(SolutionProperties) = preSolution
		HideSolutionNode = FALSE
	EndGlobalSection
	GlobalSection(ExtensibilityGlobals) = postSolution
		SolutionGuid = {DC5A5274-FAA0-484B-AF81-68B81D89C273}
	EndGlobalSection
EndGlobal
